
Microsoft Visual Studio Solution File, Format Version 12.00
# Visual Studio Version 16
VisualStudioVersion = 16.0.32602.291
MinimumVisualStudioVersion = 10.0.40219.1
Project("{FAE04EC0-301F-11D3-BF4B-00C04F79EFBC}") = "IGO", "IGO\IGO.csproj", "{FE0CAE41-48E1-4FD6-98A1-D162638AB80C}"
EndProject
Global
	GlobalSection(SolutionConfigurationPlatforms) = preSolution
		Debug|Any CPU = Debug|Any CPU
		Release|Any CPU = Release|Any CPU
	EndGlobalSection
	GlobalSection(ProjectConfigurationPlatforms) = postSolution
		{FE0CAE41-48E1-4FD6-98A1-D162638AB80C}.Debug|Any CPU.ActiveCfg = Debug|Any CPU
		{FE0CAE41-48E1-4FD6-98A1-D162638AB80C}.Debug|Any CPU.Build.0 = Debug|Any CPU
		{FE0CAE41-48E1-4FD6-98A1-D162638AB80C}.Release|Any CPU.ActiveCfg = Release|Any CPU
		{FE0CAE41-48E1-4FD6-98A1-D162638AB80C}.Release|Any CPU.Build.0 = Release|Any CPU
	EndGlobalSection
	GlobalSection(SolutionProperties) = preSolution
		HideSolutionNode = FALSE
	EndGlobalSection
	GlobalSection(ExtensibilityGlobals) = postSolution
		SolutionGuid = {11C2278C-058F-4622-9B01-3C57EEC052C8}
	EndGlobalSection
EndGlobal
